
Microsoft Visual Studio Solution File, Format Version 12.00
# Visual Studio Version 17
VisualStudioVersion = 17.9.34622.214
MinimumVisualStudioVersion = 10.0.40219.1
Project("{9A19103F-16F7-4668-BE54-9A1E7A4F7556}") = "WearMe.DataAccess", "WearMe.DataAccess\WearMe.DataAccess.csproj", "{5CD0CE36-4CBD-4782-915A-9647D66C96D3}"
EndProject
Project("{9A19103F-16F7-4668-BE54-9A1E7A4F7556}") = "WearMe.Presentation", "WearMe.Presentation\WearMe.Presentation.csproj", "{96FCC1DB-B21E-4329-9C4C-EBD80F0861ED}"
EndProject
Project("{9A19103F-16F7-4668-BE54-9A1E7A4F7556}") = "WearMe.Business", "WearMe.Business\WearMe.Business.csproj", "{CBA688E8-1595-4D67-955B-D74D91086620}"
EndProject
Global
	GlobalSection(SolutionConfigurationPlatforms) = preSolution
		Debug|Any CPU = Debug|Any CPU
		Release|Any CPU = Release|Any CPU
	EndGlobalSection
	GlobalSection(ProjectConfigurationPlatforms) = postSolution
		{5CD0CE36-4CBD-4782-915A-9647D66C96D3}.Debug|Any CPU.ActiveCfg = Debug|Any CPU
		{5CD0CE36-4CBD-4782-915A-9647D66C96D3}.Debug|Any CPU.Build.0 = Debug|Any CPU
		{5CD0CE36-4CBD-4782-915A-9647D66C96D3}.Release|Any CPU.ActiveCfg = Release|Any CPU
		{5CD0CE36-4CBD-4782-915A-9647D66C96D3}.Release|Any CPU.Build.0 = Release|Any CPU
		{96FCC1DB-B21E-4329-9C4C-EBD80F0861ED}.Debug|Any CPU.ActiveCfg = Debug|Any CPU
		{96FCC1DB-B21E-4329-9C4C-EBD80F0861ED}.Debug|Any CPU.Build.0 = Debug|Any CPU
		{96FCC1DB-B21E-4329-9C4C-EBD80F0861ED}.Release|Any CPU.ActiveCfg = Release|Any CPU
		{96FCC1DB-B21E-4329-9C4C-EBD80F0861ED}.Release|Any CPU.Build.0 = Release|Any CPU
		{CBA688E8-1595-4D67-955B-D74D91086620}.Debug|Any CPU.ActiveCfg = Debug|Any CPU
		{CBA688E8-1595-4D67-955B-D74D91086620}.Debug|Any CPU.Build.0 = Debug|Any CPU
		{CBA688E8-1595-4D67-955B-D74D91086620}.Release|Any CPU.ActiveCfg = Release|Any CPU
		{CBA688E8-1595-4D67-955B-D74D91086620}.Release|Any CPU.Build.0 = Release|Any CPU
	EndGlobalSection
	GlobalSection(SolutionProperties) = preSolution
		HideSolutionNode = FALSE
	EndGlobalSection
	GlobalSection(ExtensibilityGlobals) = postSolution
		SolutionGuid = {278116D4-3FC7-46E3-AAB3-D27F005868D8}
	EndGlobalSection
EndGlobal
